
Microsoft Visual Studio Solution File, Format Version 12.00
# Visual Studio Version 17
VisualStudioVersion = 17.4.32804.182
MinimumVisualStudioVersion = 10.0.40219.1
Project("{9A19103F-16F7-4668-BE54-9A1E7A4F7556}") = "Portal.Silo", "Portal.Silo\Portal.Silo.csproj", "{C172EB8F-04E6-4EF4-B5F3-B2E3C0142BF2}"
EndProject
Project("{9A19103F-16F7-4668-BE54-9A1E7A4F7556}") = "Portal.WebApi", "Portal.WebApi\Portal.WebApi.csproj", "{163CE172-D080-4792-8DDB-0F272A8D09CC}"
EndProject
Project("{9A19103F-16F7-4668-BE54-9A1E7A4F7556}") = "Portal.GrainInterfaces", "Portal.GrainInterfaces\Portal.GrainInterfaces.csproj", "{D2B38E25-8A9A-41E7-8E41-6474C3D68CD6}"
EndProject
Project("{9A19103F-16F7-4668-BE54-9A1E7A4F7556}") = "Portal.Grains", "Portal.Grains\Portal.Grains.csproj", "{05B2CC2A-4BE6-4572-B9AA-43D1AD079646}"
EndProject
Project("{9A19103F-16F7-4668-BE54-9A1E7A4F7556}") = "Portal.Common", "Portal.Common\Portal.Common.csproj", "{FA85381E-58DD-4ECB-9449-148BFBA65C39}"
EndProject
Project("{FAE04EC0-301F-11D3-BF4B-00C04F79EFBC}") = "Portal.Orleans.EventSourcing", "Portal.Orleans.EventSourcing\Portal.Orleans.EventSourcing.csproj", "{F247B89A-C5E8-4940-B632-CA665FD6FE79}"
EndProject
Project("{FAE04EC0-301F-11D3-BF4B-00C04F79EFBC}") = "Portal.Orleans.Common", "Portal.Orleans.Common\Portal.Orleans.Common.csproj", "{D4787F53-A9EF-445C-A1C4-C1D7DBC00080}"
EndProject
Project("{FAE04EC0-301F-11D3-BF4B-00C04F79EFBC}") = "Portal.IdentityServer", "Portal.IdentityServer\Portal.IdentityServer.csproj", "{57274927-4518-4B32-94ED-008D18FA2173}"
EndProject
Project("{FAE04EC0-301F-11D3-BF4B-00C04F79EFBC}") = "Portal.Grains.Interfaces.Public", "Portal.Grains.Interfaces.Public\Portal.Grains.Interfaces.Public.csproj", "{E82897C1-36A3-4224-A22F-E34004EE21ED}"
EndProject
Project("{FAE04EC0-301F-11D3-BF4B-00C04F79EFBC}") = "Portal.Grains.Interfaces.Internal", "Portal.Grains.Interfaces.Internal\Portal.Grains.Interfaces.Internal.csproj", "{39D01D70-B0E8-42C7-A4E3-D3B034EA5C9A}"
EndProject
Project("{FAE04EC0-301F-11D3-BF4B-00C04F79EFBC}") = "Portal.Domain", "Portal.Domain\Portal.Domain.csproj", "{8FF39ED6-A28A-447D-82B9-496871B3F8B5}"
EndProject
Project("{FAE04EC0-301F-11D3-BF4B-00C04F79EFBC}") = "Portal.Domain.UnitTests", "Portal.Domain.UnitTests\Portal.Domain.UnitTests.csproj", "{6F3509C0-4557-4CE2-8536-4FA2493040B5}"
EndProject
Global
	GlobalSection(SolutionConfigurationPlatforms) = preSolution
		Debug|Any CPU = Debug|Any CPU
		Release|Any CPU = Release|Any CPU
	EndGlobalSection
	GlobalSection(ProjectConfigurationPlatforms) = postSolution
		{C172EB8F-04E6-4EF4-B5F3-B2E3C0142BF2}.Debug|Any CPU.ActiveCfg = Debug|Any CPU
		{C172EB8F-04E6-4EF4-B5F3-B2E3C0142BF2}.Debug|Any CPU.Build.0 = Debug|Any CPU
		{C172EB8F-04E6-4EF4-B5F3-B2E3C0142BF2}.Release|Any CPU.ActiveCfg = Release|Any CPU
		{C172EB8F-04E6-4EF4-B5F3-B2E3C0142BF2}.Release|Any CPU.Build.0 = Release|Any CPU
		{163CE172-D080-4792-8DDB-0F272A8D09CC}.Debug|Any CPU.ActiveCfg = Debug|Any CPU
		{163CE172-D080-4792-8DDB-0F272A8D09CC}.Debug|Any CPU.Build.0 = Debug|Any CPU
		{163CE172-D080-4792-8DDB-0F272A8D09CC}.Release|Any CPU.ActiveCfg = Release|Any CPU
		{163CE172-D080-4792-8DDB-0F272A8D09CC}.Release|Any CPU.Build.0 = Release|Any CPU
		{D2B38E25-8A9A-41E7-8E41-6474C3D68CD6}.Debug|Any CPU.ActiveCfg = Debug|Any CPU
		{D2B38E25-8A9A-41E7-8E41-6474C3D68CD6}.Debug|Any CPU.Build.0 = Debug|Any CPU
		{D2B38E25-8A9A-41E7-8E41-6474C3D68CD6}.Release|Any CPU.ActiveCfg = Release|Any CPU
		{D2B38E25-8A9A-41E7-8E41-6474C3D68CD6}.Release|Any CPU.Build.0 = Release|Any CPU
		{05B2CC2A-4BE6-4572-B9AA-43D1AD079646}.Debug|Any CPU.ActiveCfg = Debug|Any CPU
		{05B2CC2A-4BE6-4572-B9AA-43D1AD079646}.Debug|Any CPU.Build.0 = Debug|Any CPU
		{05B2CC2A-4BE6-4572-B9AA-43D1AD079646}.Release|Any CPU.ActiveCfg = Release|Any CPU
		{05B2CC2A-4BE6-4572-B9AA-43D1AD079646}.Release|Any CPU.Build.0 = Release|Any CPU
		{FA85381E-58DD-4ECB-9449-148BFBA65C39}.Debug|Any CPU.ActiveCfg = Debug|Any CPU
		{FA85381E-58DD-4ECB-9449-148BFBA65C39}.Debug|Any CPU.Build.0 = Debug|Any CPU
		{FA85381E-58DD-4ECB-9449-148BFBA65C39}.Release|Any CPU.ActiveCfg = Release|Any CPU
		{FA85381E-58DD-4ECB-9449-148BFBA65C39}.Release|Any CPU.Build.0 = Release|Any CPU
		{F247B89A-C5E8-4940-B632-CA665FD6FE79}.Debug|Any CPU.ActiveCfg = Debug|Any CPU
		{F247B89A-C5E8-4940-B632-CA665FD6FE79}.Debug|Any CPU.Build.0 = Debug|Any CPU
		{F247B89A-C5E8-4940-B632-CA665FD6FE79}.Release|Any CPU.ActiveCfg = Release|Any CPU
		{F247B89A-C5E8-4940-B632-CA665FD6FE79}.Release|Any CPU.Build.0 = Release|Any CPU
		{D4787F53-A9EF-445C-A1C4-C1D7DBC00080}.Debug|Any CPU.ActiveCfg = Debug|Any CPU
		{D4787F53-A9EF-445C-A1C4-C1D7DBC00080}.Debug|Any CPU.Build.0 = Debug|Any CPU
		{D4787F53-A9EF-445C-A1C4-C1D7DBC00080}.Release|Any CPU.ActiveCfg = Release|Any CPU
		{D4787F53-A9EF-445C-A1C4-C1D7DBC00080}.Release|Any CPU.Build.0 = Release|Any CPU
		{57274927-4518-4B32-94ED-008D18FA2173}.Debug|Any CPU.ActiveCfg = Debug|Any CPU
		{57274927-4518-4B32-94ED-008D18FA2173}.Debug|Any CPU.Build.0 = Debug|Any CPU
		{57274927-4518-4B32-94ED-008D18FA2173}.Release|Any CPU.ActiveCfg = Release|Any CPU
		{57274927-4518-4B32-94ED-008D18FA2173}.Release|Any CPU.Build.0 = Release|Any CPU
		{E82897C1-36A3-4224-A22F-E34004EE21ED}.Debug|Any CPU.ActiveCfg = Debug|Any CPU
		{E82897C1-36A3-4224-A22F-E34004EE21ED}.Debug|Any CPU.Build.0 = Debug|Any CPU
		{E82897C1-36A3-4224-A22F-E34004EE21ED}.Release|Any CPU.ActiveCfg = Release|Any CPU
		{E82897C1-36A3-4224-A22F-E34004EE21ED}.Release|Any CPU.Build.0 = Release|Any CPU
		{39D01D70-B0E8-42C7-A4E3-D3B034EA5C9A}.Debug|Any CPU.ActiveCfg = Debug|Any CPU
		{39D01D70-B0E8-42C7-A4E3-D3B034EA5C9A}.Debug|Any CPU.Build.0 = Debug|Any CPU
		{39D01D70-B0E8-42C7-A4E3-D3B034EA5C9A}.Release|Any CPU.ActiveCfg = Release|Any CPU
		{39D01D70-B0E8-42C7-A4E3-D3B034EA5C9A}.Release|Any CPU.Build.0 = Release|Any CPU
		{8FF39ED6-A28A-447D-82B9-496871B3F8B5}.Debug|Any CPU.ActiveCfg = Debug|Any CPU
		{8FF39ED6-A28A-447D-82B9-496871B3F8B5}.Debug|Any CPU.Build.0 = Debug|Any CPU
		{8FF39ED6-A28A-447D-82B9-496871B3F8B5}.Release|Any CPU.ActiveCfg = Release|Any CPU
		{8FF39ED6-A28A-447D-82B9-496871B3F8B5}.Release|Any CPU.Build.0 = Release|Any CPU
		{6F3509C0-4557-4CE2-8536-4FA2493040B5}.Debug|Any CPU.ActiveCfg = Debug|Any CPU
		{6F3509C0-4557-4CE2-8536-4FA2493040B5}.Debug|Any CPU.Build.0 = Debug|Any CPU
		{6F3509C0-4557-4CE2-8536-4FA2493040B5}.Release|Any CPU.ActiveCfg = Release|Any CPU
		{6F3509C0-4557-4CE2-8536-4FA2493040B5}.Release|Any CPU.Build.0 = Release|Any CPU
	EndGlobalSection
	GlobalSection(SolutionProperties) = preSolution
		HideSolutionNode = FALSE
	EndGlobalSection
	GlobalSection(ExtensibilityGlobals) = postSolution
		SolutionGuid = {2C8F69AE-F92E-43F8-BB6F-892212F72AB6}
	EndGlobalSection
EndGlobal
