
Microsoft Visual Studio Solution File, Format Version 12.00
# Visual Studio Version 17
VisualStudioVersion = 17.4.32804.182
MinimumVisualStudioVersion = 10.0.40219.1
Project("{9A19103F-16F7-4668-BE54-9A1E7A4F7556}") = "Portal.Silo", "Portal.Silo\Portal.Silo.csproj", "{C172EB8F-04E6-4EF4-B5F3-B2E3C0142BF2}"
EndProject
Project("{9A19103F-16F7-4668-BE54-9A1E7A4F7556}") = "Portal.WebApi", "Portal.WebApi\Portal.WebApi.csproj", "{163CE172-D080-4792-8DDB-0F272A8D09CC}"
EndProject
Project("{9A19103F-16F7-4668-BE54-9A1E7A4F7556}") = "Portal.Grains", "Portal.Grains\Portal.Grains.csproj", "{05B2CC2A-4BE6-4572-B9AA-43D1AD079646}"
EndProject
Project("{9A19103F-16F7-4668-BE54-9A1E7A4F7556}") = "Portal.Orleans.EventSourcing", "Portal.Orleans.EventSourcing\Portal.Orleans.EventSourcing.csproj", "{F247B89A-C5E8-4940-B632-CA665FD6FE79}"
EndProject
Project("{9A19103F-16F7-4668-BE54-9A1E7A4F7556}") = "Portal.Orleans.Common", "Portal.Orleans.Common\Portal.Orleans.Common.csproj", "{D4787F53-A9EF-445C-A1C4-C1D7DBC00080}"
EndProject
Project("{9A19103F-16F7-4668-BE54-9A1E7A4F7556}") = "Portal.IdentityServer", "Portal.IdentityServer\Portal.IdentityServer.csproj", "{57274927-4518-4B32-94ED-008D18FA2173}"
EndProject
Project("{9A19103F-16F7-4668-BE54-9A1E7A4F7556}") = "Portal.Grains.Interfaces.Public", "Portal.Grains.Interfaces.Public\Portal.Grains.Interfaces.Public.csproj", "{E82897C1-36A3-4224-A22F-E34004EE21ED}"
EndProject
Project("{9A19103F-16F7-4668-BE54-9A1E7A4F7556}") = "Portal.Grains.Interfaces.Internal", "Portal.Grains.Interfaces.Internal\Portal.Grains.Interfaces.Internal.csproj", "{39D01D70-B0E8-42C7-A4E3-D3B034EA5C9A}"
EndProject
Project("{9A19103F-16F7-4668-BE54-9A1E7A4F7556}") = "Portal.Domain", "Portal.Domain\Portal.Domain.csproj", "{8FF39ED6-A28A-447D-82B9-496871B3F8B5}"
EndProject
Project("{9A19103F-16F7-4668-BE54-9A1E7A4F7556}") = "Portal.Domain.UnitTests", "Portal.Domain.UnitTests\Portal.Domain.UnitTests.csproj", "{6F3509C0-4557-4CE2-8536-4FA2493040B5}"
EndProject
Project("{9A19103F-16F7-4668-BE54-9A1E7A4F7556}") = "Portal.Grains.UnitTests", "Portal.Grains.UnitTests\Portal.Grains.UnitTests.csproj", "{3053915D-23CF-4072-A97E-8E4E20DA5D64}"
EndProject
Project("{9A19103F-16F7-4668-BE54-9A1E7A4F7556}") = "Portal.Web", "Portal.Web\Portal.Web.csproj", "{0B02F794-19A7-4FE7-9187-58F04265D771}"
EndProject
Project("{2150E333-8FDC-42A3-9474-1A3956D46DE8}") = "Web", "Web", "{2A05B66D-3A60-4E39-ADAC-B1EA0E4ACAC7}"
EndProject
Project("{2150E333-8FDC-42A3-9474-1A3956D46DE8}") = "Orleans", "Orleans", "{448F486A-C644-4CF4-8C76-23FD1E30DC2C}"
EndProject
Project("{9A19103F-16F7-4668-BE54-9A1E7A4F7556}") = "Portal.Components", "Portal.Components\Portal.Components.csproj", "{D05E0E38-865C-435B-B4E1-937889CC7B37}"
EndProject
Project("{9A19103F-16F7-4668-BE54-9A1E7A4F7556}") = "Portal.Web.Domain", "Portal.Web.Domain\Portal.Web.Domain.csproj", "{CFF760FE-1256-4026-B2D6-A9FD08FBAFDA}"
EndProject
Project("{9A19103F-16F7-4668-BE54-9A1E7A4F7556}") = "Portal.Web.Routing", "Portal.Web.Routing\Portal.Web.Routing.csproj", "{F3C6BE81-E8FF-4F4B-9D76-A9D449A55E61}"
EndProject
Project("{9A19103F-16F7-4668-BE54-9A1E7A4F7556}") = "Portal.Msal", "Portal.Msal\Portal.Msal.csproj", "{4150B413-BCB7-45AE-9D9B-91727B7E16CB}"
EndProject
Global
	GlobalSection(SolutionConfigurationPlatforms) = preSolution
		Debug|Any CPU = Debug|Any CPU
		Release|Any CPU = Release|Any CPU
	EndGlobalSection
	GlobalSection(ProjectConfigurationPlatforms) = postSolution
		{C172EB8F-04E6-4EF4-B5F3-B2E3C0142BF2}.Debug|Any CPU.ActiveCfg = Debug|Any CPU
		{C172EB8F-04E6-4EF4-B5F3-B2E3C0142BF2}.Debug|Any CPU.Build.0 = Debug|Any CPU
		{C172EB8F-04E6-4EF4-B5F3-B2E3C0142BF2}.Release|Any CPU.ActiveCfg = Release|Any CPU
		{C172EB8F-04E6-4EF4-B5F3-B2E3C0142BF2}.Release|Any CPU.Build.0 = Release|Any CPU
		{163CE172-D080-4792-8DDB-0F272A8D09CC}.Debug|Any CPU.ActiveCfg = Debug|Any CPU
		{163CE172-D080-4792-8DDB-0F272A8D09CC}.Debug|Any CPU.Build.0 = Debug|Any CPU
		{163CE172-D080-4792-8DDB-0F272A8D09CC}.Release|Any CPU.ActiveCfg = Release|Any CPU
		{163CE172-D080-4792-8DDB-0F272A8D09CC}.Release|Any CPU.Build.0 = Release|Any CPU
		{05B2CC2A-4BE6-4572-B9AA-43D1AD079646}.Debug|Any CPU.ActiveCfg = Debug|Any CPU
		{05B2CC2A-4BE6-4572-B9AA-43D1AD079646}.Debug|Any CPU.Build.0 = Debug|Any CPU
		{05B2CC2A-4BE6-4572-B9AA-43D1AD079646}.Release|Any CPU.ActiveCfg = Release|Any CPU
		{05B2CC2A-4BE6-4572-B9AA-43D1AD079646}.Release|Any CPU.Build.0 = Release|Any CPU
		{F247B89A-C5E8-4940-B632-CA665FD6FE79}.Debug|Any CPU.ActiveCfg = Debug|Any CPU
		{F247B89A-C5E8-4940-B632-CA665FD6FE79}.Debug|Any CPU.Build.0 = Debug|Any CPU
		{F247B89A-C5E8-4940-B632-CA665FD6FE79}.Release|Any CPU.ActiveCfg = Release|Any CPU
		{F247B89A-C5E8-4940-B632-CA665FD6FE79}.Release|Any CPU.Build.0 = Release|Any CPU
		{D4787F53-A9EF-445C-A1C4-C1D7DBC00080}.Debug|Any CPU.ActiveCfg = Debug|Any CPU
		{D4787F53-A9EF-445C-A1C4-C1D7DBC00080}.Debug|Any CPU.Build.0 = Debug|Any CPU
		{D4787F53-A9EF-445C-A1C4-C1D7DBC00080}.Release|Any CPU.ActiveCfg = Release|Any CPU
		{D4787F53-A9EF-445C-A1C4-C1D7DBC00080}.Release|Any CPU.Build.0 = Release|Any CPU
		{57274927-4518-4B32-94ED-008D18FA2173}.Debug|Any CPU.ActiveCfg = Debug|Any CPU
		{57274927-4518-4B32-94ED-008D18FA2173}.Debug|Any CPU.Build.0 = Debug|Any CPU
		{57274927-4518-4B32-94ED-008D18FA2173}.Release|Any CPU.ActiveCfg = Release|Any CPU
		{57274927-4518-4B32-94ED-008D18FA2173}.Release|Any CPU.Build.0 = Release|Any CPU
		{E82897C1-36A3-4224-A22F-E34004EE21ED}.Debug|Any CPU.ActiveCfg = Debug|Any CPU
		{E82897C1-36A3-4224-A22F-E34004EE21ED}.Debug|Any CPU.Build.0 = Debug|Any CPU
		{E82897C1-36A3-4224-A22F-E34004EE21ED}.Release|Any CPU.ActiveCfg = Release|Any CPU
		{E82897C1-36A3-4224-A22F-E34004EE21ED}.Release|Any CPU.Build.0 = Release|Any CPU
		{39D01D70-B0E8-42C7-A4E3-D3B034EA5C9A}.Debug|Any CPU.ActiveCfg = Debug|Any CPU
		{39D01D70-B0E8-42C7-A4E3-D3B034EA5C9A}.Debug|Any CPU.Build.0 = Debug|Any CPU
		{39D01D70-B0E8-42C7-A4E3-D3B034EA5C9A}.Release|Any CPU.ActiveCfg = Release|Any CPU
		{39D01D70-B0E8-42C7-A4E3-D3B034EA5C9A}.Release|Any CPU.Build.0 = Release|Any CPU
		{8FF39ED6-A28A-447D-82B9-496871B3F8B5}.Debug|Any CPU.ActiveCfg = Debug|Any CPU
		{8FF39ED6-A28A-447D-82B9-496871B3F8B5}.Debug|Any CPU.Build.0 = Debug|Any CPU
		{8FF39ED6-A28A-447D-82B9-496871B3F8B5}.Release|Any CPU.ActiveCfg = Release|Any CPU
		{8FF39ED6-A28A-447D-82B9-496871B3F8B5}.Release|Any CPU.Build.0 = Release|Any CPU
		{6F3509C0-4557-4CE2-8536-4FA2493040B5}.Debug|Any CPU.ActiveCfg = Debug|Any CPU
		{6F3509C0-4557-4CE2-8536-4FA2493040B5}.Debug|Any CPU.Build.0 = Debug|Any CPU
		{6F3509C0-4557-4CE2-8536-4FA2493040B5}.Release|Any CPU.ActiveCfg = Release|Any CPU
		{6F3509C0-4557-4CE2-8536-4FA2493040B5}.Release|Any CPU.Build.0 = Release|Any CPU
		{3053915D-23CF-4072-A97E-8E4E20DA5D64}.Debug|Any CPU.ActiveCfg = Debug|Any CPU
		{3053915D-23CF-4072-A97E-8E4E20DA5D64}.Debug|Any CPU.Build.0 = Debug|Any CPU
		{3053915D-23CF-4072-A97E-8E4E20DA5D64}.Release|Any CPU.ActiveCfg = Release|Any CPU
		{3053915D-23CF-4072-A97E-8E4E20DA5D64}.Release|Any CPU.Build.0 = Release|Any CPU
		{0B02F794-19A7-4FE7-9187-58F04265D771}.Debug|Any CPU.ActiveCfg = Debug|Any CPU
		{0B02F794-19A7-4FE7-9187-58F04265D771}.Debug|Any CPU.Build.0 = Debug|Any CPU
		{0B02F794-19A7-4FE7-9187-58F04265D771}.Release|Any CPU.ActiveCfg = Release|Any CPU
		{0B02F794-19A7-4FE7-9187-58F04265D771}.Release|Any CPU.Build.0 = Release|Any CPU
		{D05E0E38-865C-435B-B4E1-937889CC7B37}.Debug|Any CPU.ActiveCfg = Debug|Any CPU
		{D05E0E38-865C-435B-B4E1-937889CC7B37}.Debug|Any CPU.Build.0 = Debug|Any CPU
		{D05E0E38-865C-435B-B4E1-937889CC7B37}.Release|Any CPU.ActiveCfg = Release|Any CPU
		{D05E0E38-865C-435B-B4E1-937889CC7B37}.Release|Any CPU.Build.0 = Release|Any CPU
		{CFF760FE-1256-4026-B2D6-A9FD08FBAFDA}.Debug|Any CPU.ActiveCfg = Debug|Any CPU
		{CFF760FE-1256-4026-B2D6-A9FD08FBAFDA}.Debug|Any CPU.Build.0 = Debug|Any CPU
		{CFF760FE-1256-4026-B2D6-A9FD08FBAFDA}.Release|Any CPU.ActiveCfg = Release|Any CPU
		{CFF760FE-1256-4026-B2D6-A9FD08FBAFDA}.Release|Any CPU.Build.0 = Release|Any CPU
		{F3C6BE81-E8FF-4F4B-9D76-A9D449A55E61}.Debug|Any CPU.ActiveCfg = Debug|Any CPU
		{F3C6BE81-E8FF-4F4B-9D76-A9D449A55E61}.Debug|Any CPU.Build.0 = Debug|Any CPU
		{F3C6BE81-E8FF-4F4B-9D76-A9D449A55E61}.Release|Any CPU.ActiveCfg = Release|Any CPU
		{F3C6BE81-E8FF-4F4B-9D76-A9D449A55E61}.Release|Any CPU.Build.0 = Release|Any CPU
		{4150B413-BCB7-45AE-9D9B-91727B7E16CB}.Debug|Any CPU.ActiveCfg = Debug|Any CPU
		{4150B413-BCB7-45AE-9D9B-91727B7E16CB}.Debug|Any CPU.Build.0 = Debug|Any CPU
		{4150B413-BCB7-45AE-9D9B-91727B7E16CB}.Release|Any CPU.ActiveCfg = Release|Any CPU
		{4150B413-BCB7-45AE-9D9B-91727B7E16CB}.Release|Any CPU.Build.0 = Release|Any CPU
	EndGlobalSection
	GlobalSection(SolutionProperties) = preSolution
		HideSolutionNode = FALSE
	EndGlobalSection
	GlobalSection(NestedProjects) = preSolution
		{C172EB8F-04E6-4EF4-B5F3-B2E3C0142BF2} = {448F486A-C644-4CF4-8C76-23FD1E30DC2C}
		{05B2CC2A-4BE6-4572-B9AA-43D1AD079646} = {448F486A-C644-4CF4-8C76-23FD1E30DC2C}
		{E82897C1-36A3-4224-A22F-E34004EE21ED} = {448F486A-C644-4CF4-8C76-23FD1E30DC2C}
		{39D01D70-B0E8-42C7-A4E3-D3B034EA5C9A} = {448F486A-C644-4CF4-8C76-23FD1E30DC2C}
		{3053915D-23CF-4072-A97E-8E4E20DA5D64} = {448F486A-C644-4CF4-8C76-23FD1E30DC2C}
		{0B02F794-19A7-4FE7-9187-58F04265D771} = {2A05B66D-3A60-4E39-ADAC-B1EA0E4ACAC7}
		{D05E0E38-865C-435B-B4E1-937889CC7B37} = {2A05B66D-3A60-4E39-ADAC-B1EA0E4ACAC7}
		{CFF760FE-1256-4026-B2D6-A9FD08FBAFDA} = {2A05B66D-3A60-4E39-ADAC-B1EA0E4ACAC7}
		{F3C6BE81-E8FF-4F4B-9D76-A9D449A55E61} = {2A05B66D-3A60-4E39-ADAC-B1EA0E4ACAC7}
		{4150B413-BCB7-45AE-9D9B-91727B7E16CB} = {2A05B66D-3A60-4E39-ADAC-B1EA0E4ACAC7}
	EndGlobalSection
	GlobalSection(ExtensibilityGlobals) = postSolution
		SolutionGuid = {2C8F69AE-F92E-43F8-BB6F-892212F72AB6}
	EndGlobalSection
EndGlobal
